
Microsoft Visual Studio Solution File, Format Version 12.00
# Visual Studio 15
VisualStudioVersion = 15.0.26730.16
MinimumVisualStudioVersion = 10.0.40219.1
Project("{FAE04EC0-301F-11D3-BF4B-00C04F79EFBC}") = "Bliss.Android", "Bliss\Bliss.Android\Bliss.Android.csproj", "{2EE4083F-A417-4D76-A77C-CB95CC037F3E}"
EndProject
Project("{FAE04EC0-301F-11D3-BF4B-00C04F79EFBC}") = "Bliss", "Bliss\Bliss\Bliss.csproj", "{0202875D-50E1-45C7-9B95-ED2615B8F1EE}"
EndProject
Project("{FAE04EC0-301F-11D3-BF4B-00C04F79EFBC}") = "Bliss.UWP", "Bliss\Bliss.UWP\Bliss.UWP.csproj", "{D9570AA8-D4FD-48F9-926D-702E67A76975}"
EndProject
Project("{FAE04EC0-301F-11D3-BF4B-00C04F79EFBC}") = "Bliss.iOS", "Bliss\Bliss.iOS\Bliss.iOS.csproj", "{D0A4D42F-8028-4BEB-A696-2A0C44E61B61}"
EndProject
Project("{FAE04EC0-301F-11D3-BF4B-00C04F79EFBC}") = "blissserviceService", "C:\Users\MAULIK\Downloads\Compressed\blissservice_Runtime\blissservice_Runtime\blissserviceService\blissserviceService.csproj", "{209FA716-A7AD-4095-BD70-C8710FC66FA7}"
EndProject
Global
	GlobalSection(SolutionConfigurationPlatforms) = preSolution
		Ad-Hoc|Any CPU = Ad-Hoc|Any CPU
		Ad-Hoc|ARM = Ad-Hoc|ARM
		Ad-Hoc|iPhone = Ad-Hoc|iPhone
		Ad-Hoc|iPhoneSimulator = Ad-Hoc|iPhoneSimulator
		Ad-Hoc|x64 = Ad-Hoc|x64
		Ad-Hoc|x86 = Ad-Hoc|x86
		AppStore|Any CPU = AppStore|Any CPU
		AppStore|ARM = AppStore|ARM
		AppStore|iPhone = AppStore|iPhone
		AppStore|iPhoneSimulator = AppStore|iPhoneSimulator
		AppStore|x64 = AppStore|x64
		AppStore|x86 = AppStore|x86
		Debug|Any CPU = Debug|Any CPU
		Debug|ARM = Debug|ARM
		Debug|iPhone = Debug|iPhone
		Debug|iPhoneSimulator = Debug|iPhoneSimulator
		Debug|x64 = Debug|x64
		Debug|x86 = Debug|x86
		Release|Any CPU = Release|Any CPU
		Release|ARM = Release|ARM
		Release|iPhone = Release|iPhone
		Release|iPhoneSimulator = Release|iPhoneSimulator
		Release|x64 = Release|x64
		Release|x86 = Release|x86
	EndGlobalSection
	GlobalSection(ProjectConfigurationPlatforms) = postSolution
		{2EE4083F-A417-4D76-A77C-CB95CC037F3E}.Ad-Hoc|Any CPU.ActiveCfg = Release|Any CPU
		{2EE4083F-A417-4D76-A77C-CB95CC037F3E}.Ad-Hoc|Any CPU.Build.0 = Release|Any CPU
		{2EE4083F-A417-4D76-A77C-CB95CC037F3E}.Ad-Hoc|Any CPU.Deploy.0 = Release|Any CPU
		{2EE4083F-A417-4D76-A77C-CB95CC037F3E}.Ad-Hoc|ARM.ActiveCfg = Release|Any CPU
		{2EE4083F-A417-4D76-A77C-CB95CC037F3E}.Ad-Hoc|ARM.Build.0 = Release|Any CPU
		{2EE4083F-A417-4D76-A77C-CB95CC037F3E}.Ad-Hoc|ARM.Deploy.0 = Release|Any CPU
		{2EE4083F-A417-4D76-A77C-CB95CC037F3E}.Ad-Hoc|iPhone.ActiveCfg = Release|Any CPU
		{2EE4083F-A417-4D76-A77C-CB95CC037F3E}.Ad-Hoc|iPhone.Build.0 = Release|Any CPU
		{2EE4083F-A417-4D76-A77C-CB95CC037F3E}.Ad-Hoc|iPhone.Deploy.0 = Release|Any CPU
		{2EE4083F-A417-4D76-A77C-CB95CC037F3E}.Ad-Hoc|iPhoneSimulator.ActiveCfg = Release|Any CPU
		{2EE4083F-A417-4D76-A77C-CB95CC037F3E}.Ad-Hoc|iPhoneSimulator.Build.0 = Release|Any CPU
		{2EE4083F-A417-4D76-A77C-CB95CC037F3E}.Ad-Hoc|iPhoneSimulator.Deploy.0 = Release|Any CPU
		{2EE4083F-A417-4D76-A77C-CB95CC037F3E}.Ad-Hoc|x64.ActiveCfg = Release|Any CPU
		{2EE4083F-A417-4D76-A77C-CB95CC037F3E}.Ad-Hoc|x64.Build.0 = Release|Any CPU
		{2EE4083F-A417-4D76-A77C-CB95CC037F3E}.Ad-Hoc|x64.Deploy.0 = Release|Any CPU
		{2EE4083F-A417-4D76-A77C-CB95CC037F3E}.Ad-Hoc|x86.ActiveCfg = Release|Any CPU
		{2EE4083F-A417-4D76-A77C-CB95CC037F3E}.Ad-Hoc|x86.Build.0 = Release|Any CPU
		{2EE4083F-A417-4D76-A77C-CB95CC037F3E}.Ad-Hoc|x86.Deploy.0 = Release|Any CPU
		{2EE4083F-A417-4D76-A77C-CB95CC037F3E}.AppStore|Any CPU.ActiveCfg = Release|Any CPU
		{2EE4083F-A417-4D76-A77C-CB95CC037F3E}.AppStore|Any CPU.Build.0 = Release|Any CPU
		{2EE4083F-A417-4D76-A77C-CB95CC037F3E}.AppStore|Any CPU.Deploy.0 = Release|Any CPU
		{2EE4083F-A417-4D76-A77C-CB95CC037F3E}.AppStore|ARM.ActiveCfg = Release|Any CPU
		{2EE4083F-A417-4D76-A77C-CB95CC037F3E}.AppStore|ARM.Build.0 = Release|Any CPU
		{2EE4083F-A417-4D76-A77C-CB95CC037F3E}.AppStore|ARM.Deploy.0 = Release|Any CPU
		{2EE4083F-A417-4D76-A77C-CB95CC037F3E}.AppStore|iPhone.ActiveCfg = Release|Any CPU
		{2EE4083F-A417-4D76-A77C-CB95CC037F3E}.AppStore|iPhone.Build.0 = Release|Any CPU
		{2EE4083F-A417-4D76-A77C-CB95CC037F3E}.AppStore|iPhone.Deploy.0 = Release|Any CPU
		{2EE4083F-A417-4D76-A77C-CB95CC037F3E}.AppStore|iPhoneSimulator.ActiveCfg = Release|Any CPU
		{2EE4083F-A417-4D76-A77C-CB95CC037F3E}.AppStore|iPhoneSimulator.Build.0 = Release|Any CPU
		{2EE4083F-A417-4D76-A77C-CB95CC037F3E}.AppStore|iPhoneSimulator.Deploy.0 = Release|Any CPU
		{2EE4083F-A417-4D76-A77C-CB95CC037F3E}.AppStore|x64.ActiveCfg = Release|Any CPU
		{2EE4083F-A417-4D76-A77C-CB95CC037F3E}.AppStore|x64.Build.0 = Release|Any CPU
		{2EE4083F-A417-4D76-A77C-CB95CC037F3E}.AppStore|x64.Deploy.0 = Release|Any CPU
		{2EE4083F-A417-4D76-A77C-CB95CC037F3E}.AppStore|x86.ActiveCfg = Release|Any CPU
		{2EE4083F-A417-4D76-A77C-CB95CC037F3E}.AppStore|x86.Build.0 = Release|Any CPU
		{2EE4083F-A417-4D76-A77C-CB95CC037F3E}.AppStore|x86.Deploy.0 = Release|Any CPU
		{2EE4083F-A417-4D76-A77C-CB95CC037F3E}.Debug|Any CPU.ActiveCfg = Debug|Any CPU
		{2EE4083F-A417-4D76-A77C-CB95CC037F3E}.Debug|Any CPU.Build.0 = Debug|Any CPU
		{2EE4083F-A417-4D76-A77C-CB95CC037F3E}.Debug|Any CPU.Deploy.0 = Debug|Any CPU
		{2EE4083F-A417-4D76-A77C-CB95CC037F3E}.Debug|ARM.ActiveCfg = Debug|Any CPU
		{2EE4083F-A417-4D76-A77C-CB95CC037F3E}.Debug|ARM.Build.0 = Debug|Any CPU
		{2EE4083F-A417-4D76-A77C-CB95CC037F3E}.Debug|ARM.Deploy.0 = Debug|Any CPU
		{2EE4083F-A417-4D76-A77C-CB95CC037F3E}.Debug|iPhone.ActiveCfg = Debug|Any CPU
		{2EE4083F-A417-4D76-A77C-CB95CC037F3E}.Debug|iPhone.Build.0 = Debug|Any CPU
		{2EE4083F-A417-4D76-A77C-CB95CC037F3E}.Debug|iPhone.Deploy.0 = Debug|Any CPU
		{2EE4083F-A417-4D76-A77C-CB95CC037F3E}.Debug|iPhoneSimulator.ActiveCfg = Debug|Any CPU
		{2EE4083F-A417-4D76-A77C-CB95CC037F3E}.Debug|iPhoneSimulator.Build.0 = Debug|Any CPU
		{2EE4083F-A417-4D76-A77C-CB95CC037F3E}.Debug|iPhoneSimulator.Deploy.0 = Debug|Any CPU
		{2EE4083F-A417-4D76-A77C-CB95CC037F3E}.Debug|x64.ActiveCfg = Debug|Any CPU
		{2EE4083F-A417-4D76-A77C-CB95CC037F3E}.Debug|x64.Build.0 = Debug|Any CPU
		{2EE4083F-A417-4D76-A77C-CB95CC037F3E}.Debug|x64.Deploy.0 = Debug|Any CPU
		{2EE4083F-A417-4D76-A77C-CB95CC037F3E}.Debug|x86.ActiveCfg = Debug|Any CPU
		{2EE4083F-A417-4D76-A77C-CB95CC037F3E}.Debug|x86.Build.0 = Debug|Any CPU
		{2EE4083F-A417-4D76-A77C-CB95CC037F3E}.Debug|x86.Deploy.0 = Debug|Any CPU
		{2EE4083F-A417-4D76-A77C-CB95CC037F3E}.Release|Any CPU.ActiveCfg = Release|Any CPU
		{2EE4083F-A417-4D76-A77C-CB95CC037F3E}.Release|Any CPU.Build.0 = Release|Any CPU
		{2EE4083F-A417-4D76-A77C-CB95CC037F3E}.Release|Any CPU.Deploy.0 = Release|Any CPU
		{2EE4083F-A417-4D76-A77C-CB95CC037F3E}.Release|ARM.ActiveCfg = Release|Any CPU
		{2EE4083F-A417-4D76-A77C-CB95CC037F3E}.Release|ARM.Build.0 = Release|Any CPU
		{2EE4083F-A417-4D76-A77C-CB95CC037F3E}.Release|ARM.Deploy.0 = Release|Any CPU
		{2EE4083F-A417-4D76-A77C-CB95CC037F3E}.Release|iPhone.ActiveCfg = Release|Any CPU
		{2EE4083F-A417-4D76-A77C-CB95CC037F3E}.Release|iPhone.Build.0 = Release|Any CPU
		{2EE4083F-A417-4D76-A77C-CB95CC037F3E}.Release|iPhone.Deploy.0 = Release|Any CPU
		{2EE4083F-A417-4D76-A77C-CB95CC037F3E}.Release|iPhoneSimulator.ActiveCfg = Release|Any CPU
		{2EE4083F-A417-4D76-A77C-CB95CC037F3E}.Release|iPhoneSimulator.Build.0 = Release|Any CPU
		{2EE4083F-A417-4D76-A77C-CB95CC037F3E}.Release|iPhoneSimulator.Deploy.0 = Release|Any CPU
		{2EE4083F-A417-4D76-A77C-CB95CC037F3E}.Release|x64.ActiveCfg = Release|Any CPU
		{2EE4083F-A417-4D76-A77C-CB95CC037F3E}.Release|x64.Build.0 = Release|Any CPU
		{2EE4083F-A417-4D76-A77C-CB95CC037F3E}.Release|x64.Deploy.0 = Release|Any CPU
		{2EE4083F-A417-4D76-A77C-CB95CC037F3E}.Release|x86.ActiveCfg = Release|Any CPU
		{2EE4083F-A417-4D76-A77C-CB95CC037F3E}.Release|x86.Build.0 = Release|Any CPU
		{2EE4083F-A417-4D76-A77C-CB95CC037F3E}.Release|x86.Deploy.0 = Release|Any CPU
		{0202875D-50E1-45C7-9B95-ED2615B8F1EE}.Ad-Hoc|Any CPU.ActiveCfg = Release|Any CPU
		{0202875D-50E1-45C7-9B95-ED2615B8F1EE}.Ad-Hoc|Any CPU.Build.0 = Release|Any CPU
		{0202875D-50E1-45C7-9B95-ED2615B8F1EE}.Ad-Hoc|ARM.ActiveCfg = Release|Any CPU
		{0202875D-50E1-45C7-9B95-ED2615B8F1EE}.Ad-Hoc|ARM.Build.0 = Release|Any CPU
		{0202875D-50E1-45C7-9B95-ED2615B8F1EE}.Ad-Hoc|iPhone.ActiveCfg = Release|Any CPU
		{0202875D-50E1-45C7-9B95-ED2615B8F1EE}.Ad-Hoc|iPhone.Build.0 = Release|Any CPU
		{0202875D-50E1-45C7-9B95-ED2615B8F1EE}.Ad-Hoc|iPhoneSimulator.ActiveCfg = Release|Any CPU
		{0202875D-50E1-45C7-9B95-ED2615B8F1EE}.Ad-Hoc|iPhoneSimulator.Build.0 = Release|Any CPU
		{0202875D-50E1-45C7-9B95-ED2615B8F1EE}.Ad-Hoc|x64.ActiveCfg = Release|Any CPU
		{0202875D-50E1-45C7-9B95-ED2615B8F1EE}.Ad-Hoc|x64.Build.0 = Release|Any CPU
		{0202875D-50E1-45C7-9B95-ED2615B8F1EE}.Ad-Hoc|x86.ActiveCfg = Release|Any CPU
		{0202875D-50E1-45C7-9B95-ED2615B8F1EE}.Ad-Hoc|x86.Build.0 = Release|Any CPU
		{0202875D-50E1-45C7-9B95-ED2615B8F1EE}.AppStore|Any CPU.ActiveCfg = Release|Any CPU
		{0202875D-50E1-45C7-9B95-ED2615B8F1EE}.AppStore|Any CPU.Build.0 = Release|Any CPU
		{0202875D-50E1-45C7-9B95-ED2615B8F1EE}.AppStore|ARM.ActiveCfg = Release|Any CPU
		{0202875D-50E1-45C7-9B95-ED2615B8F1EE}.AppStore|ARM.Build.0 = Release|Any CPU
		{0202875D-50E1-45C7-9B95-ED2615B8F1EE}.AppStore|iPhone.ActiveCfg = Release|Any CPU
		{0202875D-50E1-45C7-9B95-ED2615B8F1EE}.AppStore|iPhone.Build.0 = Release|Any CPU
		{0202875D-50E1-45C7-9B95-ED2615B8F1EE}.AppStore|iPhoneSimulator.ActiveCfg = Release|Any CPU
		{0202875D-50E1-45C7-9B95-ED2615B8F1EE}.AppStore|iPhoneSimulator.Build.0 = Release|Any CPU
		{0202875D-50E1-45C7-9B95-ED2615B8F1EE}.AppStore|x64.ActiveCfg = Release|Any CPU
		{0202875D-50E1-45C7-9B95-ED2615B8F1EE}.AppStore|x64.Build.0 = Release|Any CPU
		{0202875D-50E1-45C7-9B95-ED2615B8F1EE}.AppStore|x86.ActiveCfg = Release|Any CPU
		{0202875D-50E1-45C7-9B95-ED2615B8F1EE}.AppStore|x86.Build.0 = Release|Any CPU
		{0202875D-50E1-45C7-9B95-ED2615B8F1EE}.Debug|Any CPU.ActiveCfg = Debug|Any CPU
		{0202875D-50E1-45C7-9B95-ED2615B8F1EE}.Debug|Any CPU.Build.0 = Debug|Any CPU
		{0202875D-50E1-45C7-9B95-ED2615B8F1EE}.Debug|ARM.ActiveCfg = Debug|Any CPU
		{0202875D-50E1-45C7-9B95-ED2615B8F1EE}.Debug|ARM.Build.0 = Debug|Any CPU
		{0202875D-50E1-45C7-9B95-ED2615B8F1EE}.Debug|iPhone.ActiveCfg = Debug|Any CPU
		{0202875D-50E1-45C7-9B95-ED2615B8F1EE}.Debug|iPhone.Build.0 = Debug|Any CPU
		{0202875D-50E1-45C7-9B95-ED2615B8F1EE}.Debug|iPhoneSimulator.ActiveCfg = Debug|Any CPU
		{0202875D-50E1-45C7-9B95-ED2615B8F1EE}.Debug|iPhoneSimulator.Build.0 = Debug|Any CPU
		{0202875D-50E1-45C7-9B95-ED2615B8F1EE}.Debug|x64.ActiveCfg = Debug|Any CPU
		{0202875D-50E1-45C7-9B95-ED2615B8F1EE}.Debug|x64.Build.0 = Debug|Any CPU
		{0202875D-50E1-45C7-9B95-ED2615B8F1EE}.Debug|x86.ActiveCfg = Debug|Any CPU
		{0202875D-50E1-45C7-9B95-ED2615B8F1EE}.Debug|x86.Build.0 = Debug|Any CPU
		{0202875D-50E1-45C7-9B95-ED2615B8F1EE}.Release|Any CPU.ActiveCfg = Release|Any CPU
		{0202875D-50E1-45C7-9B95-ED2615B8F1EE}.Release|Any CPU.Build.0 = Release|Any CPU
		{0202875D-50E1-45C7-9B95-ED2615B8F1EE}.Release|ARM.ActiveCfg = Release|Any CPU
		{0202875D-50E1-45C7-9B95-ED2615B8F1EE}.Release|ARM.Build.0 = Release|Any CPU
		{0202875D-50E1-45C7-9B95-ED2615B8F1EE}.Release|iPhone.ActiveCfg = Release|Any CPU
		{0202875D-50E1-45C7-9B95-ED2615B8F1EE}.Release|iPhone.Build.0 = Release|Any CPU
		{0202875D-50E1-45C7-9B95-ED2615B8F1EE}.Release|iPhoneSimulator.ActiveCfg = Release|Any CPU
		{0202875D-50E1-45C7-9B95-ED2615B8F1EE}.Release|iPhoneSimulator.Build.0 = Release|Any CPU
		{0202875D-50E1-45C7-9B95-ED2615B8F1EE}.Release|x64.ActiveCfg = Release|Any CPU
		{0202875D-50E1-45C7-9B95-ED2615B8F1EE}.Release|x64.Build.0 = Release|Any CPU
		{0202875D-50E1-45C7-9B95-ED2615B8F1EE}.Release|x86.ActiveCfg = Release|Any CPU
		{0202875D-50E1-45C7-9B95-ED2615B8F1EE}.Release|x86.Build.0 = Release|Any CPU
		{D9570AA8-D4FD-48F9-926D-702E67A76975}.Ad-Hoc|Any CPU.ActiveCfg = Release|x86
		{D9570AA8-D4FD-48F9-926D-702E67A76975}.Ad-Hoc|Any CPU.Build.0 = Release|x86
		{D9570AA8-D4FD-48F9-926D-702E67A76975}.Ad-Hoc|Any CPU.Deploy.0 = Release|x86
		{D9570AA8-D4FD-48F9-926D-702E67A76975}.Ad-Hoc|ARM.ActiveCfg = Release|ARM
		{D9570AA8-D4FD-48F9-926D-702E67A76975}.Ad-Hoc|ARM.Build.0 = Release|ARM
		{D9570AA8-D4FD-48F9-926D-702E67A76975}.Ad-Hoc|ARM.Deploy.0 = Release|ARM
		{D9570AA8-D4FD-48F9-926D-702E67A76975}.Ad-Hoc|iPhone.ActiveCfg = Release|x86
		{D9570AA8-D4FD-48F9-926D-702E67A76975}.Ad-Hoc|iPhone.Build.0 = Release|x86
		{D9570AA8-D4FD-48F9-926D-702E67A76975}.Ad-Hoc|iPhone.Deploy.0 = Release|x86
		{D9570AA8-D4FD-48F9-926D-702E67A76975}.Ad-Hoc|iPhoneSimulator.ActiveCfg = Release|x86
		{D9570AA8-D4FD-48F9-926D-702E67A76975}.Ad-Hoc|iPhoneSimulator.Build.0 = Release|x86
		{D9570AA8-D4FD-48F9-926D-702E67A76975}.Ad-Hoc|iPhoneSimulator.Deploy.0 = Release|x86
		{D9570AA8-D4FD-48F9-926D-702E67A76975}.Ad-Hoc|x64.ActiveCfg = Release|x64
		{D9570AA8-D4FD-48F9-926D-702E67A76975}.Ad-Hoc|x64.Build.0 = Release|x64
		{D9570AA8-D4FD-48F9-926D-702E67A76975}.Ad-Hoc|x64.Deploy.0 = Release|x64
		{D9570AA8-D4FD-48F9-926D-702E67A76975}.Ad-Hoc|x86.ActiveCfg = Release|x86
		{D9570AA8-D4FD-48F9-926D-702E67A76975}.Ad-Hoc|x86.Build.0 = Release|x86
		{D9570AA8-D4FD-48F9-926D-702E67A76975}.Ad-Hoc|x86.Deploy.0 = Release|x86
		{D9570AA8-D4FD-48F9-926D-702E67A76975}.AppStore|Any CPU.ActiveCfg = Release|x86
		{D9570AA8-D4FD-48F9-926D-702E67A76975}.AppStore|Any CPU.Build.0 = Release|x86
		{D9570AA8-D4FD-48F9-926D-702E67A76975}.AppStore|Any CPU.Deploy.0 = Release|x86
		{D9570AA8-D4FD-48F9-926D-702E67A76975}.AppStore|ARM.ActiveCfg = Release|ARM
		{D9570AA8-D4FD-48F9-926D-702E67A76975}.AppStore|ARM.Build.0 = Release|ARM
		{D9570AA8-D4FD-48F9-926D-702E67A76975}.AppStore|ARM.Deploy.0 = Release|ARM
		{D9570AA8-D4FD-48F9-926D-702E67A76975}.AppStore|iPhone.ActiveCfg = Release|x86
		{D9570AA8-D4FD-48F9-926D-702E67A76975}.AppStore|iPhone.Build.0 = Release|x86
		{D9570AA8-D4FD-48F9-926D-702E67A76975}.AppStore|iPhone.Deploy.0 = Release|x86
		{D9570AA8-D4FD-48F9-926D-702E67A76975}.AppStore|iPhoneSimulator.ActiveCfg = Release|x86
		{D9570AA8-D4FD-48F9-926D-702E67A76975}.AppStore|iPhoneSimulator.Build.0 = Release|x86
		{D9570AA8-D4FD-48F9-926D-702E67A76975}.AppStore|iPhoneSimulator.Deploy.0 = Release|x86
		{D9570AA8-D4FD-48F9-926D-702E67A76975}.AppStore|x64.ActiveCfg = Release|x64
		{D9570AA8-D4FD-48F9-926D-702E67A76975}.AppStore|x64.Build.0 = Release|x64
		{D9570AA8-D4FD-48F9-926D-702E67A76975}.AppStore|x64.Deploy.0 = Release|x64
		{D9570AA8-D4FD-48F9-926D-702E67A76975}.AppStore|x86.ActiveCfg = Release|x86
		{D9570AA8-D4FD-48F9-926D-702E67A76975}.AppStore|x86.Build.0 = Release|x86
		{D9570AA8-D4FD-48F9-926D-702E67A76975}.AppStore|x86.Deploy.0 = Release|x86
		{D9570AA8-D4FD-48F9-926D-702E67A76975}.Debug|Any CPU.ActiveCfg = Debug|x86
		{D9570AA8-D4FD-48F9-926D-702E67A76975}.Debug|ARM.ActiveCfg = Debug|ARM
		{D9570AA8-D4FD-48F9-926D-702E67A76975}.Debug|ARM.Build.0 = Debug|ARM
		{D9570AA8-D4FD-48F9-926D-702E67A76975}.Debug|ARM.Deploy.0 = Debug|ARM
		{D9570AA8-D4FD-48F9-926D-702E67A76975}.Debug|iPhone.ActiveCfg = Debug|x86
		{D9570AA8-D4FD-48F9-926D-702E67A76975}.Debug|iPhoneSimulator.ActiveCfg = Debug|x86
		{D9570AA8-D4FD-48F9-926D-702E67A76975}.Debug|x64.ActiveCfg = Debug|x64
		{D9570AA8-D4FD-48F9-926D-702E67A76975}.Debug|x64.Build.0 = Debug|x64
		{D9570AA8-D4FD-48F9-926D-702E67A76975}.Debug|x64.Deploy.0 = Debug|x64
		{D9570AA8-D4FD-48F9-926D-702E67A76975}.Debug|x86.ActiveCfg = Debug|x86
		{D9570AA8-D4FD-48F9-926D-702E67A76975}.Debug|x86.Build.0 = Debug|x86
		{D9570AA8-D4FD-48F9-926D-702E67A76975}.Debug|x86.Deploy.0 = Debug|x86
		{D9570AA8-D4FD-48F9-926D-702E67A76975}.Release|Any CPU.ActiveCfg = Release|x86
		{D9570AA8-D4FD-48F9-926D-702E67A76975}.Release|ARM.ActiveCfg = Release|ARM
		{D9570AA8-D4FD-48F9-926D-702E67A76975}.Release|ARM.Build.0 = Release|ARM
		{D9570AA8-D4FD-48F9-926D-702E67A76975}.Release|ARM.Deploy.0 = Release|ARM
		{D9570AA8-D4FD-48F9-926D-702E67A76975}.Release|iPhone.ActiveCfg = Release|x86
		{D9570AA8-D4FD-48F9-926D-702E67A76975}.Release|iPhoneSimulator.ActiveCfg = Release|x86
		{D9570AA8-D4FD-48F9-926D-702E67A76975}.Release|x64.ActiveCfg = Release|x64
		{D9570AA8-D4FD-48F9-926D-702E67A76975}.Release|x64.Build.0 = Release|x64
		{D9570AA8-D4FD-48F9-926D-702E67A76975}.Release|x64.Deploy.0 = Release|x64
		{D9570AA8-D4FD-48F9-926D-702E67A76975}.Release|x86.ActiveCfg = Release|x86
		{D9570AA8-D4FD-48F9-926D-702E67A76975}.Release|x86.Build.0 = Release|x86
		{D9570AA8-D4FD-48F9-926D-702E67A76975}.Release|x86.Deploy.0 = Release|x86
		{D0A4D42F-8028-4BEB-A696-2A0C44E61B61}.Ad-Hoc|Any CPU.ActiveCfg = Ad-Hoc|iPhone
		{D0A4D42F-8028-4BEB-A696-2A0C44E61B61}.Ad-Hoc|ARM.ActiveCfg = Ad-Hoc|iPhone
		{D0A4D42F-8028-4BEB-A696-2A0C44E61B61}.Ad-Hoc|iPhone.ActiveCfg = Ad-Hoc|iPhone
		{D0A4D42F-8028-4BEB-A696-2A0C44E61B61}.Ad-Hoc|iPhone.Build.0 = Ad-Hoc|iPhone
		{D0A4D42F-8028-4BEB-A696-2A0C44E61B61}.Ad-Hoc|iPhoneSimulator.ActiveCfg = Ad-Hoc|iPhoneSimulator
		{D0A4D42F-8028-4BEB-A696-2A0C44E61B61}.Ad-Hoc|iPhoneSimulator.Build.0 = Ad-Hoc|iPhoneSimulator
		{D0A4D42F-8028-4BEB-A696-2A0C44E61B61}.Ad-Hoc|x64.ActiveCfg = Ad-Hoc|iPhone
		{D0A4D42F-8028-4BEB-A696-2A0C44E61B61}.Ad-Hoc|x86.ActiveCfg = Ad-Hoc|iPhone
		{D0A4D42F-8028-4BEB-A696-2A0C44E61B61}.AppStore|Any CPU.ActiveCfg = AppStore|iPhone
		{D0A4D42F-8028-4BEB-A696-2A0C44E61B61}.AppStore|ARM.ActiveCfg = AppStore|iPhone
		{D0A4D42F-8028-4BEB-A696-2A0C44E61B61}.AppStore|iPhone.ActiveCfg = AppStore|iPhone
		{D0A4D42F-8028-4BEB-A696-2A0C44E61B61}.AppStore|iPhone.Build.0 = AppStore|iPhone
		{D0A4D42F-8028-4BEB-A696-2A0C44E61B61}.AppStore|iPhoneSimulator.ActiveCfg = AppStore|iPhoneSimulator
		{D0A4D42F-8028-4BEB-A696-2A0C44E61B61}.AppStore|iPhoneSimulator.Build.0 = AppStore|iPhoneSimulator
		{D0A4D42F-8028-4BEB-A696-2A0C44E61B61}.AppStore|x64.ActiveCfg = AppStore|iPhone
		{D0A4D42F-8028-4BEB-A696-2A0C44E61B61}.AppStore|x86.ActiveCfg = AppStore|iPhone
		{D0A4D42F-8028-4BEB-A696-2A0C44E61B61}.Debug|Any CPU.ActiveCfg = Debug|iPhone
		{D0A4D42F-8028-4BEB-A696-2A0C44E61B61}.Debug|ARM.ActiveCfg = Debug|iPhone
		{D0A4D42F-8028-4BEB-A696-2A0C44E61B61}.Debug|iPhone.ActiveCfg = Debug|iPhone
		{D0A4D42F-8028-4BEB-A696-2A0C44E61B61}.Debug|iPhone.Build.0 = Debug|iPhone
		{D0A4D42F-8028-4BEB-A696-2A0C44E61B61}.Debug|iPhoneSimulator.ActiveCfg = Debug|iPhoneSimulator
		{D0A4D42F-8028-4BEB-A696-2A0C44E61B61}.Debug|iPhoneSimulator.Build.0 = Debug|iPhoneSimulator
		{D0A4D42F-8028-4BEB-A696-2A0C44E61B61}.Debug|x64.ActiveCfg = Debug|iPhone
		{D0A4D42F-8028-4BEB-A696-2A0C44E61B61}.Debug|x86.ActiveCfg = Debug|iPhone
		{D0A4D42F-8028-4BEB-A696-2A0C44E61B61}.Release|Any CPU.ActiveCfg = Release|iPhone
		{D0A4D42F-8028-4BEB-A696-2A0C44E61B61}.Release|ARM.ActiveCfg = Release|iPhone
		{D0A4D42F-8028-4BEB-A696-2A0C44E61B61}.Release|iPhone.ActiveCfg = Release|iPhone
		{D0A4D42F-8028-4BEB-A696-2A0C44E61B61}.Release|iPhone.Build.0 = Release|iPhone
		{D0A4D42F-8028-4BEB-A696-2A0C44E61B61}.Release|iPhoneSimulator.ActiveCfg = Release|iPhoneSimulator
		{D0A4D42F-8028-4BEB-A696-2A0C44E61B61}.Release|iPhoneSimulator.Build.0 = Release|iPhoneSimulator
		{D0A4D42F-8028-4BEB-A696-2A0C44E61B61}.Release|x64.ActiveCfg = Release|iPhone
		{D0A4D42F-8028-4BEB-A696-2A0C44E61B61}.Release|x86.ActiveCfg = Release|iPhone
		{209FA716-A7AD-4095-BD70-C8710FC66FA7}.Ad-Hoc|Any CPU.ActiveCfg = Release|Any CPU
		{209FA716-A7AD-4095-BD70-C8710FC66FA7}.Ad-Hoc|Any CPU.Build.0 = Release|Any CPU
		{209FA716-A7AD-4095-BD70-C8710FC66FA7}.Ad-Hoc|ARM.ActiveCfg = Release|Any CPU
		{209FA716-A7AD-4095-BD70-C8710FC66FA7}.Ad-Hoc|ARM.Build.0 = Release|Any CPU
		{209FA716-A7AD-4095-BD70-C8710FC66FA7}.Ad-Hoc|iPhone.ActiveCfg = Release|Any CPU
		{209FA716-A7AD-4095-BD70-C8710FC66FA7}.Ad-Hoc|iPhone.Build.0 = Release|Any CPU
		{209FA716-A7AD-4095-BD70-C8710FC66FA7}.Ad-Hoc|iPhoneSimulator.ActiveCfg = Release|Any CPU
		{209FA716-A7AD-4095-BD70-C8710FC66FA7}.Ad-Hoc|iPhoneSimulator.Build.0 = Release|Any CPU
		{209FA716-A7AD-4095-BD70-C8710FC66FA7}.Ad-Hoc|x64.ActiveCfg = Release|Any CPU
		{209FA716-A7AD-4095-BD70-C8710FC66FA7}.Ad-Hoc|x64.Build.0 = Release|Any CPU
		{209FA716-A7AD-4095-BD70-C8710FC66FA7}.Ad-Hoc|x86.ActiveCfg = Release|Any CPU
		{209FA716-A7AD-4095-BD70-C8710FC66FA7}.Ad-Hoc|x86.Build.0 = Release|Any CPU
		{209FA716-A7AD-4095-BD70-C8710FC66FA7}.AppStore|Any CPU.ActiveCfg = Release|Any CPU
		{209FA716-A7AD-4095-BD70-C8710FC66FA7}.AppStore|Any CPU.Build.0 = Release|Any CPU
		{209FA716-A7AD-4095-BD70-C8710FC66FA7}.AppStore|ARM.ActiveCfg = Release|Any CPU
		{209FA716-A7AD-4095-BD70-C8710FC66FA7}.AppStore|ARM.Build.0 = Release|Any CPU
		{209FA716-A7AD-4095-BD70-C8710FC66FA7}.AppStore|iPhone.ActiveCfg = Release|Any CPU
		{209FA716-A7AD-4095-BD70-C8710FC66FA7}.AppStore|iPhone.Build.0 = Release|Any CPU
		{209FA716-A7AD-4095-BD70-C8710FC66FA7}.AppStore|iPhoneSimulator.ActiveCfg = Release|Any CPU
		{209FA716-A7AD-4095-BD70-C8710FC66FA7}.AppStore|iPhoneSimulator.Build.0 = Release|Any CPU
		{209FA716-A7AD-4095-BD70-C8710FC66FA7}.AppStore|x64.ActiveCfg = Release|Any CPU
		{209FA716-A7AD-4095-BD70-C8710FC66FA7}.AppStore|x64.Build.0 = Release|Any CPU
		{209FA716-A7AD-4095-BD70-C8710FC66FA7}.AppStore|x86.ActiveCfg = Release|Any CPU
		{209FA716-A7AD-4095-BD70-C8710FC66FA7}.AppStore|x86.Build.0 = Release|Any CPU
		{209FA716-A7AD-4095-BD70-C8710FC66FA7}.Debug|Any CPU.ActiveCfg = Debug|Any CPU
		{209FA716-A7AD-4095-BD70-C8710FC66FA7}.Debug|Any CPU.Build.0 = Debug|Any CPU
		{209FA716-A7AD-4095-BD70-C8710FC66FA7}.Debug|ARM.ActiveCfg = Debug|Any CPU
		{209FA716-A7AD-4095-BD70-C8710FC66FA7}.Debug|ARM.Build.0 = Debug|Any CPU
		{209FA716-A7AD-4095-BD70-C8710FC66FA7}.Debug|iPhone.ActiveCfg = Debug|Any CPU
		{209FA716-A7AD-4095-BD70-C8710FC66FA7}.Debug|iPhone.Build.0 = Debug|Any CPU
		{209FA716-A7AD-4095-BD70-C8710FC66FA7}.Debug|iPhoneSimulator.ActiveCfg = Debug|Any CPU
		{209FA716-A7AD-4095-BD70-C8710FC66FA7}.Debug|iPhoneSimulator.Build.0 = Debug|Any CPU
		{209FA716-A7AD-4095-BD70-C8710FC66FA7}.Debug|x64.ActiveCfg = Debug|Any CPU
		{209FA716-A7AD-4095-BD70-C8710FC66FA7}.Debug|x64.Build.0 = Debug|Any CPU
		{209FA716-A7AD-4095-BD70-C8710FC66FA7}.Debug|x86.ActiveCfg = Debug|Any CPU
		{209FA716-A7AD-4095-BD70-C8710FC66FA7}.Debug|x86.Build.0 = Debug|Any CPU
		{209FA716-A7AD-4095-BD70-C8710FC66FA7}.Release|Any CPU.ActiveCfg = Release|Any CPU
		{209FA716-A7AD-4095-BD70-C8710FC66FA7}.Release|Any CPU.Build.0 = Release|Any CPU
		{209FA716-A7AD-4095-BD70-C8710FC66FA7}.Release|ARM.ActiveCfg = Release|Any CPU
		{209FA716-A7AD-4095-BD70-C8710FC66FA7}.Release|ARM.Build.0 = Release|Any CPU
		{209FA716-A7AD-4095-BD70-C8710FC66FA7}.Release|iPhone.ActiveCfg = Release|Any CPU
		{209FA716-A7AD-4095-BD70-C8710FC66FA7}.Release|iPhone.Build.0 = Release|Any CPU
		{209FA716-A7AD-4095-BD70-C8710FC66FA7}.Release|iPhoneSimulator.ActiveCfg = Release|Any CPU
		{209FA716-A7AD-4095-BD70-C8710FC66FA7}.Release|iPhoneSimulator.Build.0 = Release|Any CPU
		{209FA716-A7AD-4095-BD70-C8710FC66FA7}.Release|x64.ActiveCfg = Release|Any CPU
		{209FA716-A7AD-4095-BD70-C8710FC66FA7}.Release|x64.Build.0 = Release|Any CPU
		{209FA716-A7AD-4095-BD70-C8710FC66FA7}.Release|x86.ActiveCfg = Release|Any CPU
		{209FA716-A7AD-4095-BD70-C8710FC66FA7}.Release|x86.Build.0 = Release|Any CPU
	EndGlobalSection
	GlobalSection(SolutionProperties) = preSolution
		HideSolutionNode = FALSE
	EndGlobalSection
	GlobalSection(ExtensibilityGlobals) = postSolution
		SolutionGuid = {DEA23F68-E8A4-4D61-8833-8E9EDD80F5EE}
	EndGlobalSection
EndGlobal
